
Microsoft Visual Studio Solution File, Format Version 12.00
# Visual Studio Version 17
VisualStudioVersion = 17.3.32519.111
MinimumVisualStudioVersion = 10.0.40219.1
Project("{9A19103F-16F7-4668-BE54-9A1E7A4F7556}") = "ExampleProjectSiwe.RestApi", "ExampleProjectSiwe.RestApi\ExampleProjectSiwe.RestApi.csproj", "{2928FB7B-9965-404F-9DF9-7024B17414C3}"
EndProject
Global
	GlobalSection(SolutionConfigurationPlatforms) = preSolution
		Debug|Any CPU = Debug|Any CPU
		Release|Any CPU = Release|Any CPU
	EndGlobalSection
	GlobalSection(ProjectConfigurationPlatforms) = postSolution
		{2928FB7B-9965-404F-9DF9-7024B17414C3}.Debug|Any CPU.ActiveCfg = Debug|Any CPU
		{2928FB7B-9965-404F-9DF9-7024B17414C3}.Debug|Any CPU.Build.0 = Debug|Any CPU
		{2928FB7B-9965-404F-9DF9-7024B17414C3}.Release|Any CPU.ActiveCfg = Release|Any CPU
		{2928FB7B-9965-404F-9DF9-7024B17414C3}.Release|Any CPU.Build.0 = Release|Any CPU
	EndGlobalSection
	GlobalSection(SolutionProperties) = preSolution
		HideSolutionNode = FALSE
	EndGlobalSection
	GlobalSection(ExtensibilityGlobals) = postSolution
		SolutionGuid = {649AA85A-ED5E-4E04-81A6-5BEBCEF3771E}
	EndGlobalSection
EndGlobal
